
Microsoft Visual Studio Solution File, Format Version 12.00
# Visual Studio Version 17
VisualStudioVersion = 17.5.002.0
MinimumVisualStudioVersion = 10.0.40219.1
Project("{2150E333-8FDC-42A3-9474-1A3956D46DE8}") = "chat-application", "chat-application", "{5DD71CA2-067D-443E-8B4D-4438EF4E69C1}"
EndProject
Project("{9A19103F-16F7-4668-BE54-9A1E7A4F7556}") = "ChatApplication", "chat-application\api\ChatApplication.csproj", "{4E40CE6D-A6BC-4BDC-9B61-A8ED010F6DFD}"
EndProject
Global
	GlobalSection(SolutionConfigurationPlatforms) = preSolution
		Debug|Any CPU = Debug|Any CPU
		Release|Any CPU = Release|Any CPU
	EndGlobalSection
	GlobalSection(ProjectConfigurationPlatforms) = postSolution
		{4E40CE6D-A6BC-4BDC-9B61-A8ED010F6DFD}.Debug|Any CPU.ActiveCfg = Debug|Any CPU
		{4E40CE6D-A6BC-4BDC-9B61-A8ED010F6DFD}.Debug|Any CPU.Build.0 = Debug|Any CPU
		{4E40CE6D-A6BC-4BDC-9B61-A8ED010F6DFD}.Release|Any CPU.ActiveCfg = Release|Any CPU
		{4E40CE6D-A6BC-4BDC-9B61-A8ED010F6DFD}.Release|Any CPU.Build.0 = Release|Any CPU
	EndGlobalSection
	GlobalSection(SolutionProperties) = preSolution
		HideSolutionNode = FALSE
	EndGlobalSection
	GlobalSection(NestedProjects) = preSolution
		{4E40CE6D-A6BC-4BDC-9B61-A8ED010F6DFD} = {5DD71CA2-067D-443E-8B4D-4438EF4E69C1}
	EndGlobalSection
	GlobalSection(ExtensibilityGlobals) = postSolution
		SolutionGuid = {79B347AD-D463-4D1C-BD1C-7AF91D5E5652}
	EndGlobalSection
EndGlobal
